
Microsoft Visual Studio Solution File, Format Version 12.00
# Visual Studio Version 16
VisualStudioVersion = 16.0.29920.165
MinimumVisualStudioVersion = 10.0.40219.1
Project("{FAE04EC0-301F-11D3-BF4B-00C04F79EFBC}") = "ProyectoMatricula", "ProyectoMatricula\ProyectoMatricula.csproj", "{73F9BA0A-D72D-4B2D-8162-14A747054636}"
EndProject
Global
	GlobalSection(SolutionConfigurationPlatforms) = preSolution
		Debug|Any CPU = Debug|Any CPU
		Release|Any CPU = Release|Any CPU
	EndGlobalSection
	GlobalSection(ProjectConfigurationPlatforms) = postSolution
		{73F9BA0A-D72D-4B2D-8162-14A747054636}.Debug|Any CPU.ActiveCfg = Debug|Any CPU
		{73F9BA0A-D72D-4B2D-8162-14A747054636}.Debug|Any CPU.Build.0 = Debug|Any CPU
		{73F9BA0A-D72D-4B2D-8162-14A747054636}.Release|Any CPU.ActiveCfg = Release|Any CPU
		{73F9BA0A-D72D-4B2D-8162-14A747054636}.Release|Any CPU.Build.0 = Release|Any CPU
	EndGlobalSection
	GlobalSection(SolutionProperties) = preSolution
		HideSolutionNode = FALSE
	EndGlobalSection
	GlobalSection(ExtensibilityGlobals) = postSolution
		SolutionGuid = {BFC9BF26-956E-4AF9-9765-15235F4E4527}
	EndGlobalSection
EndGlobal
